
Microsoft Visual Studio Solution File, Format Version 12.00
# Visual Studio 14
VisualStudioVersion = 14.0.25420.1
MinimumVisualStudioVersion = 10.0.40219.1
Project("{FAE04EC0-301F-11D3-BF4B-00C04F79EFBC}") = "Exercise4", "exercise4-KnowledgeBase\Exercise4.csproj", "{A8BA1066-5695-4D71-ABB4-65E5A5E0C3D4}"
EndProject
Project("{FAE04EC0-301F-11D3-BF4B-00C04F79EFBC}") = "Exercise6", "exercise6-MoodDetetion\Exercise6.csproj", "{3800949E-4BA5-4D99-9EC4-F940AE29FBE1}"
EndProject
Project("{FAE04EC0-301F-11D3-BF4B-00C04F79EFBC}") = "Exercise1", "exercise1-EchoBot\Exercise1.csproj", "{14A866F5-E2EF-4D2F-9596-4315C009469E}"
EndProject
Project("{FAE04EC0-301F-11D3-BF4B-00C04F79EFBC}") = "Exercise2", "exercise2-TicketSubmissionDialog\Exercise2.csproj", "{DDE71465-6745-4142-BF0C-9BBCE8B7920C}"
EndProject
Project("{FAE04EC0-301F-11D3-BF4B-00C04F79EFBC}") = "Exercise3", "exercise3-LuisDialog\Exercise3.csproj", "{63BEF962-FF36-4722-93D0-83FF60398358}"
EndProject
Project("{FAE04EC0-301F-11D3-BF4B-00C04F79EFBC}") = "Exercise7", "exercise7-HandOffToHuman\Exercise7.csproj", "{C2970C02-3230-4240-B1C6-64CD35210E35}"
EndProject
Project("{FAE04EC0-301F-11D3-BF4B-00C04F79EFBC}") = "Exercise8", "exercise8-BackChannel\Exercise8.csproj", "{DF00915E-23C3-4F27-8986-5F9BF88196CE}"
EndProject
Global
	GlobalSection(SolutionConfigurationPlatforms) = preSolution
		Debug|Any CPU = Debug|Any CPU
		Release|Any CPU = Release|Any CPU
	EndGlobalSection
	GlobalSection(ProjectConfigurationPlatforms) = postSolution
		{A8BA1066-5695-4D71-ABB4-65E5A5E0C3D4}.Debug|Any CPU.ActiveCfg = Debug|Any CPU
		{A8BA1066-5695-4D71-ABB4-65E5A5E0C3D4}.Debug|Any CPU.Build.0 = Debug|Any CPU
		{A8BA1066-5695-4D71-ABB4-65E5A5E0C3D4}.Release|Any CPU.ActiveCfg = Release|Any CPU
		{A8BA1066-5695-4D71-ABB4-65E5A5E0C3D4}.Release|Any CPU.Build.0 = Release|Any CPU
		{3800949E-4BA5-4D99-9EC4-F940AE29FBE1}.Debug|Any CPU.ActiveCfg = Debug|Any CPU
		{3800949E-4BA5-4D99-9EC4-F940AE29FBE1}.Debug|Any CPU.Build.0 = Debug|Any CPU
		{3800949E-4BA5-4D99-9EC4-F940AE29FBE1}.Release|Any CPU.ActiveCfg = Release|Any CPU
		{3800949E-4BA5-4D99-9EC4-F940AE29FBE1}.Release|Any CPU.Build.0 = Release|Any CPU
		{14A866F5-E2EF-4D2F-9596-4315C009469E}.Debug|Any CPU.ActiveCfg = Debug|Any CPU
		{14A866F5-E2EF-4D2F-9596-4315C009469E}.Debug|Any CPU.Build.0 = Debug|Any CPU
		{14A866F5-E2EF-4D2F-9596-4315C009469E}.Release|Any CPU.ActiveCfg = Release|Any CPU
		{14A866F5-E2EF-4D2F-9596-4315C009469E}.Release|Any CPU.Build.0 = Release|Any CPU
		{DDE71465-6745-4142-BF0C-9BBCE8B7920C}.Debug|Any CPU.ActiveCfg = Debug|Any CPU
		{DDE71465-6745-4142-BF0C-9BBCE8B7920C}.Debug|Any CPU.Build.0 = Debug|Any CPU
		{DDE71465-6745-4142-BF0C-9BBCE8B7920C}.Release|Any CPU.ActiveCfg = Release|Any CPU
		{DDE71465-6745-4142-BF0C-9BBCE8B7920C}.Release|Any CPU.Build.0 = Release|Any CPU
		{63BEF962-FF36-4722-93D0-83FF60398358}.Debug|Any CPU.ActiveCfg = Debug|Any CPU
		{63BEF962-FF36-4722-93D0-83FF60398358}.Debug|Any CPU.Build.0 = Debug|Any CPU
		{63BEF962-FF36-4722-93D0-83FF60398358}.Release|Any CPU.ActiveCfg = Release|Any CPU
		{63BEF962-FF36-4722-93D0-83FF60398358}.Release|Any CPU.Build.0 = Release|Any CPU
		{C2970C02-3230-4240-B1C6-64CD35210E35}.Debug|Any CPU.ActiveCfg = Debug|Any CPU
		{C2970C02-3230-4240-B1C6-64CD35210E35}.Debug|Any CPU.Build.0 = Debug|Any CPU
		{C2970C02-3230-4240-B1C6-64CD35210E35}.Release|Any CPU.ActiveCfg = Release|Any CPU
		{C2970C02-3230-4240-B1C6-64CD35210E35}.Release|Any CPU.Build.0 = Release|Any CPU
		{DF00915E-23C3-4F27-8986-5F9BF88196CE}.Debug|Any CPU.ActiveCfg = Debug|Any CPU
		{DF00915E-23C3-4F27-8986-5F9BF88196CE}.Debug|Any CPU.Build.0 = Debug|Any CPU
		{DF00915E-23C3-4F27-8986-5F9BF88196CE}.Release|Any CPU.ActiveCfg = Release|Any CPU
		{DF00915E-23C3-4F27-8986-5F9BF88196CE}.Release|Any CPU.Build.0 = Release|Any CPU
	EndGlobalSection
	GlobalSection(SolutionProperties) = preSolution
		HideSolutionNode = FALSE
	EndGlobalSection
EndGlobal
